Microsoft Visual Studio Solution File, Format Version 11.00
# Visual Studio 2008

Project("{04CAFDEF-F722-6410-EFAF-9D352E259534}") = "DrawCalls", "Assembly-CSharp.csproj", "{C261B5E8-D54D-5EB2-2EA1-C1FC79898077}"
EndProject
Global
	GlobalSection(SolutionConfigurationPlatforms) = preSolution
		Debug|Any CPU = Debug|Any CPU
		Release|Any CPU = Release|Any CPU
	EndGlobalSection
	GlobalSection(ProjectConfigurationPlatforms) = postSolution
		{C261B5E8-D54D-5EB2-2EA1-C1FC79898077}.Debug|Any CPU.ActiveCfg = Debug|Any CPU
		{C261B5E8-D54D-5EB2-2EA1-C1FC79898077}.Debug|Any CPU.Build.0 = Debug|Any CPU
		{C261B5E8-D54D-5EB2-2EA1-C1FC79898077}.Release|Any CPU.ActiveCfg = Release|Any CPU
		{C261B5E8-D54D-5EB2-2EA1-C1FC79898077}.Release|Any CPU.Build.0 = Release|Any CPU
	EndGlobalSection
	GlobalSection(SolutionProperties) = preSolution
		HideSolutionNode = FALSE
	EndGlobalSection
		GlobalSection(MonoDevelopProperties) = preSolution
		StartupItem = Assembly-CSharp.csproj
		Policies = $0
		$0.TextStylePolicy = $1
		$1.inheritsSet = null
		$1.scope = text/x-csharp
		$0.CSharpFormattingPolicy = $2
		$2.inheritsSet = Mono
		$2.inheritsScope = text/x-csharp
		$2.scope = text/x-csharp
		$0.TextStylePolicy = $3
		$3.FileWidth = 120
		$3.TabWidth = 4
		$3.EolMarker = Unix
		$3.inheritsSet = Mono
		$3.inheritsScope = text/plain
		$3.scope = text/plain
	EndGlobalSection

EndGlobal
